// !$*UTF8*$!
{
	archiveVersion = 1;
	classes = {
	};
	objectVersion = 77;
	objects = {

/* Begin PBXBuildFile section */
		961CBBE02E50C21D00D35C33 /* iOSSnapshotTestCase in Frameworks */ = {isa = PBXBuildFile; productRef = 961CBBDF2E50C21D00D35C33 /* iOSSnapshotTestCase */; };
/* End PBXBuildFile section */

/* Begin PBXContainerItemProxy section */
		96D74C6D2D5DCF8900D61311 /* PBXContainerItemProxy */ = {
			isa = PBXContainerItemProxy;
			containerPortal = 96D74C542D5DCF8800D61311 /* Project object */;
			proxyType = 1;
			remoteGlobalIDString = 96D74C5B2D5DCF8800D61311;
			remoteInfo = ScanMate;
		};
		96D74C772D5DCF8900D61311 /* PBXContainerItemProxy */ = {
			isa = PBXContainerItemProxy;
			containerPortal = 96D74C542D5DCF8800D61311 /* Project object */;
			proxyType = 1;
			remoteGlobalIDString = 96D74C5B2D5DCF8800D61311;
			remoteInfo = ScanMate;
		};
/* End PBXContainerItemProxy section */

/* Begin PBXFileReference section */
		96D74C5C2D5DCF8800D61311 /* ScanMate.app */ = {isa = PBXFileReference; explicitFileType = wrapper.application; includeInIndex = 0; path = ScanMate.app; sourceTree = BUILT_PRODUCTS_DIR; };
		96D74C6C2D5DCF8900D61311 /* ScanMateTests.xctest */ = {isa = PBXFileReference; explicitFileType = wrapper.cfbundle; includeInIndex = 0; path = ScanMateTests.xctest; sourceTree = BUILT_PRODUCTS_DIR; };
		96D74C762D5DCF8900D61311 /* ScanMateUITests.xctest */ = {isa = PBXFileReference; explicitFileType = wrapper.cfbundle; includeInIndex = 0; path = ScanMateUITests.xctest; sourceTree = BUILT_PRODUCTS_DIR; };
/* End PBXFileReference section */

/* Begin PBXFileSystemSynchronizedRootGroup section */
		96D74C5E2D5DCF8800D61311 /* ScanMate */ = {
			isa = PBXFileSystemSynchronizedRootGroup;
			path = ScanMate;
			sourceTree = "<group>";
		};
		96D74C6F2D5DCF8900D61311 /* ScanMateTests */ = {
			isa = PBXFileSystemSynchronizedRootGroup;
			path = ScanMateTests;
			sourceTree = "<group>";
		};
		96D74C792D5DCF8900D61311 /* ScanMateUITests */ = {
			isa = PBXFileSystemSynchronizedRootGroup;
			path = ScanMateUITests;
			sourceTree = "<group>";
		};
/* End PBXFileSystemSynchronizedRootGroup section */

/* Begin PBXFrameworksBuildPhase section */
		96D74C592D5DCF8800D61311 /* Frameworks */ = {
			isa = PBXFrameworksBuildPhase;
			buildActionMask = 2147483647;
			files = (
			);
			runOnlyForDeploymentPostprocessing = 0;
		};
		96D74C692D5DCF8900D61311 /* Frameworks */ = {
			isa = PBXFrameworksBuildPhase;
			buildActionMask = 2147483647;
			files = (
				961CBBE02E50C21D00D35C33 /* iOSSnapshotTestCase in Frameworks */,
			);
			runOnlyForDeploymentPostprocessing = 0;
		};
		96D74C732D5DCF8900D61311 /* Frameworks */ = {
			isa = PBXFrameworksBuildPhase;
			buildActionMask = 2147483647;
			files = (
			);
			runOnlyForDeploymentPostprocessing = 0;
		};
/* End PBXFrameworksBuildPhase section */

/* Begin PBXGroup section */
		96D74C532D5DCF8800D61311 = {
			isa = PBXGroup;
			children = (
				96D74C5E2D5DCF8800D61311 /* ScanMate */,
				96D74C6F2D5DCF8900D61311 /* ScanMateTests */,
				96D74C792D5DCF8900D61311 /* ScanMateUITests */,
				96D74C5D2D5DCF8800D61311 /* Products */,
			);
			sourceTree = "<group>";
		};
		96D74C5D2D5DCF8800D61311 /* Products */ = {
			isa = PBXGroup;
			children = (
				96D74C5C2D5DCF8800D61311 /* ScanMate.app */,
				96D74C6C2D5DCF8900D61311 /* ScanMateTests.xctest */,
				96D74C762D5DCF8900D61311 /* ScanMateUITests.xctest */,
			);
			name = Products;
			sourceTree = "<group>";
		};
/* End PBXGroup section */

/* Begin PBXNativeTarget section */
		96D74C5B2D5DCF8800D61311 /* ScanMate */ = {
			isa = PBXNativeTarget;
			buildConfigurationList = 96D74C802D5DCF8900D61311 /* Build configuration list for PBXNativeTarget "ScanMate" */;
			buildPhases = (
				96D74C582D5DCF8800D61311 /* Sources */,
				96D74C592D5DCF8800D61311 /* Frameworks */,
				96D74C5A2D5DCF8800D61311 /* Resources */,
			);
			buildRules = (
			);
			dependencies = (
			);
			fileSystemSynchronizedGroups = (
				96D74C5E2D5DCF8800D61311 /* ScanMate */,
			);
			name = ScanMate;
			packageProductDependencies = (
			);
			productName = ScanMate;
			productReference = 96D74C5C2D5DCF8800D61311 /* ScanMate.app */;
			productType = "com.apple.product-type.application";
		};
		96D74C6B2D5DCF8900D61311 /* ScanMateTests */ = {
			isa = PBXNativeTarget;
			buildConfigurationList = 96D74C832D5DCF8900D61311 /* Build configuration list for PBXNativeTarget "ScanMateTests" */;
			buildPhases = (
				96D74C682D5DCF8900D61311 /* Sources */,
				96D74C692D5DCF8900D61311 /* Frameworks */,
				96D74C6A2D5DCF8900D61311 /* Resources */,
			);
			buildRules = (
			);
			dependencies = (
				96D74C6E2D5DCF8900D61311 /* PBXTargetDependency */,
			);
			fileSystemSynchronizedGroups = (
				96D74C6F2D5DCF8900D61311 /* ScanMateTests */,
			);
			name = ScanMateTests;
			packageProductDependencies = (
				961CBBDF2E50C21D00D35C33 /* iOSSnapshotTestCase */,
			);
			productName = ScanMateTests;
			productReference = 96D74C6C2D5DCF8900D61311 /* ScanMateTests.xctest */;
			productType = "com.apple.product-type.bundle.unit-test";
		};
		96D74C752D5DCF8900D61311 /* ScanMateUITests */ = {
			isa = PBXNativeTarget;
			buildConfigurationList = 96D74C862D5DCF8900D61311 /* Build configuration list for PBXNativeTarget "ScanMateUITests" */;
			buildPhases = (
				96D74C722D5DCF8900D61311 /* Sources */,
				96D74C732D5DCF8900D61311 /* Frameworks */,
				96D74C742D5DCF8900D61311 /* Resources */,
			);
			buildRules = (
			);
			dependencies = (
				96D74C782D5DCF8900D61311 /* PBXTargetDependency */,
			);
			fileSystemSynchronizedGroups = (
				96D74C792D5DCF8900D61311 /* ScanMateUITests */,
			);
			name = ScanMateUITests;
			packageProductDependencies = (
			);
			productName = ScanMateUITests;
			productReference = 96D74C762D5DCF8900D61311 /* ScanMateUITests.xctest */;
			productType = "com.apple.product-type.bundle.ui-testing";
		};
/* End PBXNativeTarget section */

/* Begin PBXProject section */
		96D74C542D5DCF8800D61311 /* Project object */ = {
			isa = PBXProject;
			attributes = {
				BuildIndependentTargetsInParallel = 1;
				LastSwiftUpdateCheck = 1620;
				LastUpgradeCheck = 1620;
				TargetAttributes = {
					96D74C5B2D5DCF8800D61311 = {
						CreatedOnToolsVersion = 16.2;
					};
					96D74C6B2D5DCF8900D61311 = {
						CreatedOnToolsVersion = 16.2;
						TestTargetID = 96D74C5B2D5DCF8800D61311;
					};
					96D74C752D5DCF8900D61311 = {
						CreatedOnToolsVersion = 16.2;
						TestTargetID = 96D74C5B2D5DCF8800D61311;
					};
				};
			};
			buildConfigurationList = 96D74C572D5DCF8800D61311 /* Build configuration list for PBXProject "ScanMate" */;
			developmentRegion = en;
			hasScannedForEncodings = 0;
			knownRegions = (
				en,
				Base,
			);
			mainGroup = 96D74C532D5DCF8800D61311;
			minimizedProjectReferenceProxies = 1;
			packageReferences = (
				961CBBDE2E50C21D00D35C33 /* XCRemoteSwiftPackageReference "ios-snapshot-test-case" */,
			);
			preferredProjectObjectVersion = 77;
			productRefGroup = 96D74C5D2D5DCF8800D61311 /* Products */;
			projectDirPath = "";
			projectRoot = "";
			targets = (
				96D74C5B2D5DCF8800D61311 /* ScanMate */,
				96D74C6B2D5DCF8900D61311 /* ScanMateTests */,
				96D74C752D5DCF8900D61311 /* ScanMateUITests */,
			);
		};
/* End PBXProject section */

/* Begin PBXResourcesBuildPhase section */
		96D74C5A2D5DCF8800D61311 /* Resources */ = {
			isa = PBXResourcesBuildPhase;
			buildActionMask = 2147483647;
			files = (
			);
			runOnlyForDeploymentPostprocessing = 0;
		};
		96D74C6A2D5DCF8900D61311 /* Resources */ = {
			isa = PBXResourcesBuildPhase;
			buildActionMask = 2147483647;
			files = (
			);
			runOnlyForDeploymentPostprocessing = 0;
		};
		96D74C742D5DCF8900D61311 /* Resources */ = {
			isa = PBXResourcesBuildPhase;
			buildActionMask = 2147483647;
			files = (
			);
			runOnlyForDeploymentPostprocessing = 0;
		};
/* End PBXResourcesBuildPhase section */

/* Begin PBXSourcesBuildPhase section */
		96D74C582D5DCF8800D61311 /* Sources */ = {
			isa = PBXSourcesBuildPhase;
			buildActionMask = 2147483647;
			files = (
			);
			runOnlyForDeploymentPostprocessing = 0;
		};
		96D74C682D5DCF8900D61311 /* Sources */ = {
			isa = PBXSourcesBuildPhase;
			buildActionMask = 2147483647;
			files = (
			);
			runOnlyForDeploymentPostprocessing = 0;
		};
		96D74C722D5DCF8900D61311 /* Sources */ = {
			isa = PBXSourcesBuildPhase;
			buildActionMask = 2147483647;
			files = (
			);
			runOnlyForDeploymentPostprocessing = 0;
		};
/* End PBXSourcesBuildPhase section */

/* Begin PBXTargetDependency section */
		96D74C6E2D5DCF8900D61311 /* PBXTargetDependency */ = {
			isa = PBXTargetDependency;
			target = 96D74C5B2D5DCF8800D61311 /* ScanMate */;
			targetProxy = 96D74C6D2D5DCF8900D61311 /* PBXContainerItemProxy */;
		};
		96D74C782D5DCF8900D61311 /* PBXTargetDependency */ = {
			isa = PBXTargetDependency;
			target = 96D74C5B2D5DCF8800D61311 /* ScanMate */;
			targetProxy = 96D74C772D5DCF8900D61311 /* PBXContainerItemProxy */;
		};
/* End PBXTargetDependency section */

/* Begin XCBuildConfiguration section */
		96D74C7E2D5DCF8900D61311 /* Debug */ = {
			isa = XCBuildConfiguration;
			buildSettings = {
				ALWAYS_SEARCH_USER_PATHS = NO;
				ASSETCATALOG_COMPILER_GENERATE_SWIFT_ASSET_SYMBOL_EXTENSIONS = YES;
				CLANG_ANALYZER_NONNULL = YES;
				CLANG_ANALYZER_NUMBER_OBJECT_CONVERSION = YES_AGGRESSIVE;
				CLANG_CXX_LANGUAGE_STANDARD = "gnu++20";
				CLANG_ENABLE_MODULES = YES;
				CLANG_ENABLE_OBJC_ARC = YES;
				CLANG_ENABLE_OBJC_WEAK = YES;
				CLANG_WARN_BLOCK_CAPTURE_AUTORELEASING = YES;
				CLANG_WARN_BOOL_CONVERSION = YES;
				CLANG_WARN_COMMA = YES;
				CLANG_WARN_CONSTANT_CONVERSION = YES;
				CLANG_WARN_DEPRECATED_OBJC_IMPLEMENTATIONS = YES;
				CLANG_WARN_DIRECT_OBJC_ISA_USAGE = YES_ERROR;
				CLANG_WARN_DOCUMENTATION_COMMENTS = YES;
				CLANG_WARN_EMPTY_BODY = YES;
				CLANG_WARN_ENUM_CONVERSION = YES;
				CLANG_WARN_INFINITE_RECURSION = YES;
				CLANG_WARN_INT_CONVERSION = YES;
				CLANG_WARN_NON_LITERAL_NULL_CONVERSION = YES;
				CLANG_WARN_OBJC_IMPLICIT_RETAIN_SELF = YES;
				CLANG_WARN_OBJC_LITERAL_CONVERSION = YES;
				CLANG_WARN_OBJC_ROOT_CLASS = YES_ERROR;
				CLANG_WARN_QUOTED_INCLUDE_IN_FRAMEWORK_HEADER = YES;
				CLANG_WARN_RANGE_LOOP_ANALYSIS = YES;
				CLANG_WARN_STRICT_PROTOTYPES = YES;
				CLANG_WARN_SUSPICIOUS_MOVE = YES;
				CLANG_WARN_UNGUARDED_AVAILABILITY = YES_AGGRESSIVE;
				CLANG_WARN_UNREACHABLE_CODE = YES;
				CLANG_WARN__DUPLICATE_METHOD_MATCH = YES;
				COPY_PHASE_STRIP = NO;
				DEBUG_INFORMATION_FORMAT = dwarf;
				ENABLE_STRICT_OBJC_MSGSEND = YES;
				ENABLE_TESTABILITY = YES;
				ENABLE_USER_SCRIPT_SANDBOXING = YES;
				GCC_C_LANGUAGE_STANDARD = gnu17;
				GCC_DYNAMIC_NO_PIC = NO;
				GCC_NO_COMMON_BLOCKS = YES;
				GCC_OPTIMIZATION_LEVEL = 0;
				GCC_PREPROCESSOR_DEFINITIONS = (
					"DEBUG=1",
					"$(inherited)",
				);
				GCC_WARN_64_TO_32_BIT_CONVERSION = YES;
				GCC_WARN_ABOUT_RETURN_TYPE = YES_ERROR;
				GCC_WARN_UNDECLARED_SELECTOR = YES;
				GCC_WARN_UNINITIALIZED_AUTOS = YES_AGGRESSIVE;
				GCC_WARN_UNUSED_FUNCTION = YES;
				GCC_WARN_UNUSED_VARIABLE = YES;
				IPHONEOS_DEPLOYMENT_TARGET = 18.2;
				LOCALIZATION_PREFERS_STRING_CATALOGS = YES;
				MTL_ENABLE_DEBUG_INFO = INCLUDE_SOURCE;
				MTL_FAST_MATH = YES;
				ONLY_ACTIVE_ARCH = YES;
				SDKROOT = iphoneos;
				SWIFT_ACTIVE_COMPILATION_CONDITIONS = "DEBUG $(inherited)";
				SWIFT_OPTIMIZATION_LEVEL = "-Onone";
			};
			name = Debug;
		};
		96D74C7F2D5DCF8900D61311 /* Release */ = {
			isa = XCBuildConfiguration;
			buildSettings = {
				ALWAYS_SEARCH_USER_PATHS = NO;
				ASSETCATALOG_COMPILER_GENERATE_SWIFT_ASSET_SYMBOL_EXTENSIONS = YES;
				CLANG_ANALYZER_NONNULL = YES;
				CLANG_ANALYZER_NUMBER_OBJECT_CONVERSION = YES_AGGRESSIVE;
				CLANG_CXX_LANGUAGE_STANDARD = "gnu++20";
				CLANG_ENABLE_MODULES = YES;
				CLANG_ENABLE_OBJC_ARC = YES;
				CLANG_ENABLE_OBJC_WEAK = YES;
				CLANG_WARN_BLOCK_CAPTURE_AUTORELEASING = YES;
				CLANG_WARN_BOOL_CONVERSION = YES;
				CLANG_WARN_COMMA = YES;
				CLANG_WARN_CONSTANT_CONVERSION = YES;
				CLANG_WARN_DEPRECATED_OBJC_IMPLEMENTATIONS = YES;
				CLANG_WARN_DIRECT_OBJC_ISA_USAGE = YES_ERROR;
				CLANG_WARN_DOCUMENTATION_COMMENTS = YES;
				CLANG_WARN_EMPTY_BODY = YES;
				CLANG_WARN_ENUM_CONVERSION = YES;
				CLANG_WARN_INFINITE_RECURSION = YES;
				CLANG_WARN_INT_CONVERSION = YES;
				CLANG_WARN_NON_LITERAL_NULL_CONVERSION = YES;
				CLANG_WARN_OBJC_IMPLICIT_RETAIN_SELF = YES;
				CLANG_WARN_OBJC_LITERAL_CONVERSION = YES;
				CLANG_WARN_OBJC_ROOT_CLASS = YES_ERROR;
				CLANG_WARN_QUOTED_INCLUDE_IN_FRAMEWORK_HEADER = YES;
				CLANG_WARN_RANGE_LOOP_ANALYSIS = YES;
				CLANG_WARN_STRICT_PROTOTYPES = YES;
				CLANG_WARN_SUSPICIOUS_MOVE = YES;
				CLANG_WARN_UNGUARDED_AVAILABILITY = YES_AGGRESSIVE;
				CLANG_WARN_UNREACHABLE_CODE = YES;
				CLANG_WARN__DUPLICATE_METHOD_MATCH = YES;
				COPY_PHASE_STRIP = NO;
				DEBUG_INFORMATION_FORMAT = "dwarf-with-dsym";
				ENABLE_NS_ASSERTIONS = NO;
				ENABLE_STRICT_OBJC_MSGSEND = YES;
				ENABLE_USER_SCRIPT_SANDBOXING = YES;
				GCC_C_LANGUAGE_STANDARD = gnu17;
				GCC_NO_COMMON_BLOCKS = YES;
				GCC_WARN_64_TO_32_BIT_CONVERSION = YES;
				GCC_WARN_ABOUT_RETURN_TYPE = YES_ERROR;
				GCC_WARN_UNDECLARED_SELECTOR = YES;
				GCC_WARN_UNINITIALIZED_AUTOS = YES_AGGRESSIVE;
				GCC_WARN_UNUSED_FUNCTION = YES;
				GCC_WARN_UNUSED_VARIABLE = YES;
				IPHONEOS_DEPLOYMENT_TARGET = 18.2;
				LOCALIZATION_PREFERS_STRING_CATALOGS = YES;
				MTL_ENABLE_DEBUG_INFO = NO;
				MTL_FAST_MATH = YES;
				SDKROOT = iphoneos;
				SWIFT_COMPILATION_MODE = wholemodule;
				VALIDATE_PRODUCT = YES;
			};
			name = Release;
		};
		96D74C812D5DCF8900D61311 /* Debug */ = {
			isa = XCBuildConfiguration;
			buildSettings = {
				ASSETCATALOG_COMPILER_APPICON_NAME = AppIcon;
				ASSETCATALOG_COMPILER_GLOBAL_ACCENT_COLOR_NAME = AccentColor;
				CODE_SIGN_STYLE = Automatic;
				CURRENT_PROJECT_VERSION = 1;
				DEVELOPMENT_ASSET_PATHS = "\"ScanMate/Preview Content\"";
				DEVELOPMENT_TEAM = W5Z68U98HJ;
				ENABLE_PREVIEWS = YES;
				GENERATE_INFOPLIST_FILE = YES;
				INFOPLIST_KEY_LSApplicationCategoryType = "public.app-category.business";
				INFOPLIST_KEY_NSCameraUsageDescription = "문서를 스캔하기 위해 카메라 권한이 필요합니다.";
				INFOPLIST_KEY_UIApplicationSceneManifest_Generation = YES;
				INFOPLIST_KEY_UIApplicationSupportsIndirectInputEvents = YES;
				INFOPLIST_KEY_UILaunchScreen_Generation = YES;
				INFOPLIST_KEY_UIStatusBarStyle = "";
				INFOPLIST_KEY_UISupportedInterfaceOrientations_iPad = "UIInterfaceOrientationPortrait UIInterfaceOrientationPortraitUpsideDown UIInterfaceOrientationLandscapeLeft UIInterfaceOrientationLandscapeRight";
				INFOPLIST_KEY_UISupportedInterfaceOrientations_iPhone = "UIInterfaceOrientationPortrait UIInterfaceOrientationLandscapeLeft UIInterfaceOrientationLandscapeRight";
				INFOPLIST_KEY_UIUserInterfaceStyle = Light;
				IPHONEOS_DEPLOYMENT_TARGET = 16.0;
				LD_RUNPATH_SEARCH_PATHS = (
					"$(inherited)",
					"@executable_path/Frameworks",
				);
				MARKETING_VERSION = 1.0;
				PRODUCT_BUNDLE_IDENTIFIER = shinyan.ScanMate;
				PRODUCT_NAME = "$(TARGET_NAME)";
				SUPPORTED_PLATFORMS = "iphoneos iphonesimulator";
				SUPPORTS_MACCATALYST = NO;
				SUPPORTS_MAC_DESIGNED_FOR_IPHONE_IPAD = NO;
				SUPPORTS_XR_DESIGNED_FOR_IPHONE_IPAD = NO;
				SWIFT_EMIT_LOC_STRINGS = YES;
				SWIFT_VERSION = 5.0;
				TARGETED_DEVICE_FAMILY = "1,2";
			};
			name = Debug;
		};
		96D74C822D5DCF8900D61311 /* Release */ = {
			isa = XCBuildConfiguration;
			buildSettings = {
				ASSETCATALOG_COMPILER_APPICON_NAME = AppIcon;
				ASSETCATALOG_COMPILER_GLOBAL_ACCENT_COLOR_NAME = AccentColor;
				CODE_SIGN_STYLE = Automatic;
				CURRENT_PROJECT_VERSION = 1;
				DEVELOPMENT_ASSET_PATHS = "\"ScanMate/Preview Content\"";
				DEVELOPMENT_TEAM = W5Z68U98HJ;
				ENABLE_PREVIEWS = YES;
				GENERATE_INFOPLIST_FILE = YES;
				INFOPLIST_KEY_LSApplicationCategoryType = "public.app-category.business";
				INFOPLIST_KEY_NSCameraUsageDescription = "문서를 스캔하기 위해 카메라 권한이 필요합니다.";
				INFOPLIST_KEY_UIApplicationSceneManifest_Generation = YES;
				INFOPLIST_KEY_UIApplicationSupportsIndirectInputEvents = YES;
				INFOPLIST_KEY_UILaunchScreen_Generation = YES;
				INFOPLIST_KEY_UIStatusBarStyle = "";
				INFOPLIST_KEY_UISupportedInterfaceOrientations_iPad = "UIInterfaceOrientationPortrait UIInterfaceOrientationPortraitUpsideDown UIInterfaceOrientationLandscapeLeft UIInterfaceOrientationLandscapeRight";
				INFOPLIST_KEY_UISupportedInterfaceOrientations_iPhone = "UIInterfaceOrientationPortrait UIInterfaceOrientationLandscapeLeft UIInterfaceOrientationLandscapeRight";
				INFOPLIST_KEY_UIUserInterfaceStyle = Light;
				IPHONEOS_DEPLOYMENT_TARGET = 16.0;
				LD_RUNPATH_SEARCH_PATHS = (
					"$(inherited)",
					"@executable_path/Frameworks",
				);
				MARKETING_VERSION = 1.0;
				PRODUCT_BUNDLE_IDENTIFIER = shinyan.ScanMate;
				PRODUCT_NAME = "$(TARGET_NAME)";
				SUPPORTED_PLATFORMS = "iphoneos iphonesimulator";
				SUPPORTS_MACCATALYST = NO;
				SUPPORTS_MAC_DESIGNED_FOR_IPHONE_IPAD = NO;
				SUPPORTS_XR_DESIGNED_FOR_IPHONE_IPAD = NO;
				SWIFT_EMIT_LOC_STRINGS = YES;
				SWIFT_VERSION = 5.0;
				TARGETED_DEVICE_FAMILY = "1,2";
			};
			name = Release;
		};
		96D74C842D5DCF8900D61311 /* Debug */ = {
			isa = XCBuildConfiguration;
			buildSettings = {
				BUNDLE_LOADER = "$(TEST_HOST)";
				CODE_SIGN_STYLE = Automatic;
				CURRENT_PROJECT_VERSION = 1;
				DEVELOPMENT_TEAM = W5Z68U98HJ;
				GENERATE_INFOPLIST_FILE = YES;
				IPHONEOS_DEPLOYMENT_TARGET = 18.2;
				MARKETING_VERSION = 1.0;
				PRODUCT_BUNDLE_IDENTIFIER = shinyan.ScanMateTests;
				PRODUCT_NAME = "$(TARGET_NAME)";
				SWIFT_EMIT_LOC_STRINGS = NO;
				SWIFT_VERSION = 5.0;
				TARGETED_DEVICE_FAMILY = "1,2";
				TEST_HOST = "$(BUILT_PRODUCTS_DIR)/ScanMate.app/$(BUNDLE_EXECUTABLE_FOLDER_PATH)/ScanMate";
			};
			name = Debug;
		};
		96D74C852D5DCF8900D61311 /* Release */ = {
			isa = XCBuildConfiguration;
			buildSettings = {
				BUNDLE_LOADER = "$(TEST_HOST)";
				CODE_SIGN_STYLE = Automatic;
				CURRENT_PROJECT_VERSION = 1;
				DEVELOPMENT_TEAM = W5Z68U98HJ;
				GENERATE_INFOPLIST_FILE = YES;
				IPHONEOS_DEPLOYMENT_TARGET = 18.2;
				MARKETING_VERSION = 1.0;
				PRODUCT_BUNDLE_IDENTIFIER = shinyan.ScanMateTests;
				PRODUCT_NAME = "$(TARGET_NAME)";
				SWIFT_EMIT_LOC_STRINGS = NO;
				SWIFT_VERSION = 5.0;
				TARGETED_DEVICE_FAMILY = "1,2";
				TEST_HOST = "$(BUILT_PRODUCTS_DIR)/ScanMate.app/$(BUNDLE_EXECUTABLE_FOLDER_PATH)/ScanMate";
			};
			name = Release;
		};
		96D74C872D5DCF8900D61311 /* Debug */ = {
			isa = XCBuildConfiguration;
			buildSettings = {
				CODE_SIGN_STYLE = Automatic;
				CURRENT_PROJECT_VERSION = 1;
				DEVELOPMENT_TEAM = W5Z68U98HJ;
				GENERATE_INFOPLIST_FILE = YES;
				MARKETING_VERSION = 1.0;
				PRODUCT_BUNDLE_IDENTIFIER = shinyan.ScanMateUITests;
				PRODUCT_NAME = "$(TARGET_NAME)";
				SWIFT_EMIT_LOC_STRINGS = NO;
				SWIFT_VERSION = 5.0;
				TARGETED_DEVICE_FAMILY = "1,2";
				TEST_TARGET_NAME = ScanMate;
			};
			name = Debug;
		};
		96D74C882D5DCF8900D61311 /* Release */ = {
			isa = XCBuildConfiguration;
			buildSettings = {
				CODE_SIGN_STYLE = Automatic;
				CURRENT_PROJECT_VERSION = 1;
				DEVELOPMENT_TEAM = W5Z68U98HJ;
				GENERATE_INFOPLIST_FILE = YES;
				MARKETING_VERSION = 1.0;
				PRODUCT_BUNDLE_IDENTIFIER = shinyan.ScanMateUITests;
				PRODUCT_NAME = "$(TARGET_NAME)";
				SWIFT_EMIT_LOC_STRINGS = NO;
				SWIFT_VERSION = 5.0;
				TARGETED_DEVICE_FAMILY = "1,2";
				TEST_TARGET_NAME = ScanMate;
			};
			name = Release;
		};
/* End XCBuildConfiguration section */

/* Begin XCConfigurationList section */
		96D74C572D5DCF8800D61311 /* Build configuration list for PBXProject "ScanMate" */ = {
			isa = XCConfigurationList;
			buildConfigurations = (
				96D74C7E2D5DCF8900D61311 /* Debug */,
				96D74C7F2D5DCF8900D61311 /* Release */,
			);
			defaultConfigurationIsVisible = 0;
			defaultConfigurationName = Release;
		};
		96D74C802D5DCF8900D61311 /* Build configuration list for PBXNativeTarget "ScanMate" */ = {
			isa = XCConfigurationList;
			buildConfigurations = (
				96D74C812D5DCF8900D61311 /* Debug */,
				96D74C822D5DCF8900D61311 /* Release */,
			);
			defaultConfigurationIsVisible = 0;
			defaultConfigurationName = Release;
		};
		96D74C832D5DCF8900D61311 /* Build configuration list for PBXNativeTarget "ScanMateTests" */ = {
			isa = XCConfigurationList;
			buildConfigurations = (
				96D74C842D5DCF8900D61311 /* Debug */,
				96D74C852D5DCF8900D61311 /* Release */,
			);
			defaultConfigurationIsVisible = 0;
			defaultConfigurationName = Release;
		};
		96D74C862D5DCF8900D61311 /* Build configuration list for PBXNativeTarget "ScanMateUITests" */ = {
			isa = XCConfigurationList;
			buildConfigurations = (
				96D74C872D5DCF8900D61311 /* Debug */,
				96D74C882D5DCF8900D61311 /* Release */,
			);
			defaultConfigurationIsVisible = 0;
			defaultConfigurationName = Release;
		};
/* End XCConfigurationList section */

/* Begin XCRemoteSwiftPackageReference section */
		961CBBDE2E50C21D00D35C33 /* XCRemoteSwiftPackageReference "ios-snapshot-test-case" */ = {
			isa = XCRemoteSwiftPackageReference;
			repositoryURL = "https://github.com/uber/ios-snapshot-test-case.git";
			requirement = {
				kind = upToNextMajorVersion;
				minimumVersion = 8.0.0;
			};
		};
/* End XCRemoteSwiftPackageReference section */

/* Begin XCSwiftPackageProductDependency section */
		961CBBDF2E50C21D00D35C33 /* iOSSnapshotTestCase */ = {
			isa = XCSwiftPackageProductDependency;
			package = 961CBBDE2E50C21D00D35C33 /* XCRemoteSwiftPackageReference "ios-snapshot-test-case" */;
			productName = iOSSnapshotTestCase;
		};
/* End XCSwiftPackageProductDependency section */
	};
	rootObject = 96D74C542D5DCF8800D61311 /* Project object */;
}
